
Microsoft Visual Studio Solution File, Format Version 12.00
# Visual Studio 15
VisualStudioVersion = 15.0.27428.2027
MinimumVisualStudioVersion = 10.0.40219.1
Project("{FAE04EC0-301F-11D3-BF4B-00C04F79EFBC}") = "FinalCST240", "FinalCST240\FinalCST240.csproj", "{03A67F23-667C-4253-88F8-02FB377643B4}"
EndProject
Project("{FAE04EC0-301F-11D3-BF4B-00C04F79EFBC}") = "ShoppingCartTests", "ShoppingCartTests\ShoppingCartTests.csproj", "{8DDCC699-A775-48E3-9F4C-9AD1EF9729D0}"
EndProject
Global
	GlobalSection(SolutionConfigurationPlatforms) = preSolution
		Debug|Any CPU = Debug|Any CPU
		Release|Any CPU = Release|Any CPU
	EndGlobalSection
	GlobalSection(ProjectConfigurationPlatforms) = postSolution
		{03A67F23-667C-4253-88F8-02FB377643B4}.Debug|Any CPU.ActiveCfg = Debug|Any CPU
		{03A67F23-667C-4253-88F8-02FB377643B4}.Debug|Any CPU.Build.0 = Debug|Any CPU
		{03A67F23-667C-4253-88F8-02FB377643B4}.Release|Any CPU.ActiveCfg = Release|Any CPU
		{03A67F23-667C-4253-88F8-02FB377643B4}.Release|Any CPU.Build.0 = Release|Any CPU
		{8DDCC699-A775-48E3-9F4C-9AD1EF9729D0}.Debug|Any CPU.ActiveCfg = Debug|Any CPU
		{8DDCC699-A775-48E3-9F4C-9AD1EF9729D0}.Debug|Any CPU.Build.0 = Debug|Any CPU
		{8DDCC699-A775-48E3-9F4C-9AD1EF9729D0}.Release|Any CPU.ActiveCfg = Release|Any CPU
		{8DDCC699-A775-48E3-9F4C-9AD1EF9729D0}.Release|Any CPU.Build.0 = Release|Any CPU
	EndGlobalSection
	GlobalSection(SolutionProperties) = preSolution
		HideSolutionNode = FALSE
	EndGlobalSection
	GlobalSection(ExtensibilityGlobals) = postSolution
		SolutionGuid = {4F1AF78B-5263-48B9-A745-BE4FCFB2B136}
	EndGlobalSection
EndGlobal
